
Microsoft Visual Studio Solution File, Format Version 12.00
# Visual Studio Version 16
VisualStudioVersion = 16.0.31205.134
MinimumVisualStudioVersion = 10.0.40219.1
Project("{FAE04EC0-301F-11D3-BF4B-00C04F79EFBC}") = "LambdaPractice", "LambdaPractice.csproj", "{11E992EF-A85F-4934-926B-167F3846817F}"
EndProject
Global
	GlobalSection(SolutionConfigurationPlatforms) = preSolution
		Debug|Any CPU = Debug|Any CPU
		Release|Any CPU = Release|Any CPU
	EndGlobalSection
	GlobalSection(ProjectConfigurationPlatforms) = postSolution
		{11E992EF-A85F-4934-926B-167F3846817F}.Debug|Any CPU.ActiveCfg = Debug|Any CPU
		{11E992EF-A85F-4934-926B-167F3846817F}.Debug|Any CPU.Build.0 = Debug|Any CPU
		{11E992EF-A85F-4934-926B-167F3846817F}.Release|Any CPU.ActiveCfg = Release|Any CPU
		{11E992EF-A85F-4934-926B-167F3846817F}.Release|Any CPU.Build.0 = Release|Any CPU
	EndGlobalSection
	GlobalSection(SolutionProperties) = preSolution
		HideSolutionNode = FALSE
	EndGlobalSection
	GlobalSection(ExtensibilityGlobals) = postSolution
		SolutionGuid = {86230114-18D6-43E9-99AD-A94CC51804E2}
	EndGlobalSection
EndGlobal
